
Microsoft Visual Studio Solution File, Format Version 12.00
# Visual Studio Version 17
VisualStudioVersion = 17.7.34221.43
MinimumVisualStudioVersion = 10.0.40219.1
Project("{FAE04EC0-301F-11D3-BF4B-00C04F79EFBC}") = "Stop Watch", "Stop Watch\Stop Watch.csproj", "{0070BC71-0F21-45B2-B61E-A793FC3540C6}"
EndProject
Global
	GlobalSection(SolutionConfigurationPlatforms) = preSolution
		Debug|Any CPU = Debug|Any CPU
		Release|Any CPU = Release|Any CPU
	EndGlobalSection
	GlobalSection(ProjectConfigurationPlatforms) = postSolution
		{0070BC71-0F21-45B2-B61E-A793FC3540C6}.Debug|Any CPU.ActiveCfg = Debug|Any CPU
		{0070BC71-0F21-45B2-B61E-A793FC3540C6}.Debug|Any CPU.Build.0 = Debug|Any CPU
		{0070BC71-0F21-45B2-B61E-A793FC3540C6}.Release|Any CPU.ActiveCfg = Release|Any CPU
		{0070BC71-0F21-45B2-B61E-A793FC3540C6}.Release|Any CPU.Build.0 = Release|Any CPU
	EndGlobalSection
	GlobalSection(SolutionProperties) = preSolution
		HideSolutionNode = FALSE
	EndGlobalSection
	GlobalSection(ExtensibilityGlobals) = postSolution
		SolutionGuid = {FE7762AE-3B6A-400D-A419-80BE09FB040A}
	EndGlobalSection
EndGlobal
